# THIS IS AN AUTOGENERATED FILE. DO NOT EDIT THIS FILE DIRECTLY.
# yarn lockfile v1


dotenv-expand@4.2.0:
  version "4.2.0"
  resolved "https://registry.yarnpkg.com/dotenv-expand/-/dotenv-expand-4.2.0.tgz#def1f1ca5d6059d24a766e587942c21106ce1275"

dotenv@6.0.0:
  version "6.0.0"
  resolved "https://registry.yarnpkg.com/dotenv/-/dotenv-6.0.0.tgz#24e37c041741c5f4b25324958ebbc34bca965935"
